
Microsoft Visual Studio Solution File, Format Version 12.00
# Visual Studio Version 16
VisualStudioVersion = 16.0.30907.101
MinimumVisualStudioVersion = 10.0.40219.1
Project("{9A19103F-16F7-4668-BE54-9A1E7A4F7556}") = "KampKadirCsharp", "KampKadirCsharp\KampKadirCsharp.csproj", "{145FA6EE-D709-4E00-8422-9DE4B11E44FD}"
EndProject
Project("{9A19103F-16F7-4668-BE54-9A1E7A4F7556}") = "donguler", "donguler\donguler.csproj", "{41C14631-53AC-4B67-A54D-C4294328CE81}"
EndProject
Project("{9A19103F-16F7-4668-BE54-9A1E7A4F7556}") = "ClassIntro", "ClassIntro\ClassIntro.csproj", "{BA5B3A0B-80F7-4E9F-A7E1-5F589C2F6B22}"
EndProject
Project("{9A19103F-16F7-4668-BE54-9A1E7A4F7556}") = "Metotlar", "Metotlar\Metotlar.csproj", "{B20E0AD4-5691-4238-96C5-C1B2DF20BC6D}"
EndProject
Project("{9A19103F-16F7-4668-BE54-9A1E7A4F7556}") = "Matematik", "Matematik\Matematik.csproj", "{3453F1B3-4F33-4A6D-8271-DEECD285BA79}"
EndProject
Project("{9A19103F-16F7-4668-BE54-9A1E7A4F7556}") = "DegerveReferansTipler", "DegerveReferansTipler\DegerveReferansTipler.csproj", "{AAC8E54C-1FD1-4FD1-B9B7-20CF074AA3E7}"
EndProject
Project("{9A19103F-16F7-4668-BE54-9A1E7A4F7556}") = "OOP1", "OOP1\OOP1.csproj", "{778F3F57-D6F7-445A-AC28-0ADF359FB794}"
EndProject
Project("{9A19103F-16F7-4668-BE54-9A1E7A4F7556}") = "Koleksiyonlar", "Koleksiyonlar\Koleksiyonlar.csproj", "{EF1D54D8-BB6B-4D58-88F0-2F657CB99203}"
EndProject
Project("{9A19103F-16F7-4668-BE54-9A1E7A4F7556}") = "GenericsIntro", "GenericsIntro\GenericsIntro.csproj", "{BEEAC8DB-1DB5-4D31-B5E1-00F0F1736912}"
EndProject
Project("{9A19103F-16F7-4668-BE54-9A1E7A4F7556}") = "Dictionary", "Dictionary\Dictionary.csproj", "{198B9F00-964D-4580-BCD6-92B1344769A1}"
EndProject
Project("{9A19103F-16F7-4668-BE54-9A1E7A4F7556}") = "OOP2", "OOP2\OOP2.csproj", "{DDBC7CD2-AB10-4697-A641-EC677AC164CA}"
EndProject
Project("{FAE04EC0-301F-11D3-BF4B-00C04F79EFBC}") = "OOP3", "OOP3\OOP3.csproj", "{A5FE1D0D-4F80-4D40-9762-8B2CE42582C1}"
EndProject
Global
	GlobalSection(SolutionConfigurationPlatforms) = preSolution
		Debug|Any CPU = Debug|Any CPU
		Release|Any CPU = Release|Any CPU
	EndGlobalSection
	GlobalSection(ProjectConfigurationPlatforms) = postSolution
		{145FA6EE-D709-4E00-8422-9DE4B11E44FD}.Debug|Any CPU.ActiveCfg = Debug|Any CPU
		{145FA6EE-D709-4E00-8422-9DE4B11E44FD}.Debug|Any CPU.Build.0 = Debug|Any CPU
		{145FA6EE-D709-4E00-8422-9DE4B11E44FD}.Release|Any CPU.ActiveCfg = Release|Any CPU
		{145FA6EE-D709-4E00-8422-9DE4B11E44FD}.Release|Any CPU.Build.0 = Release|Any CPU
		{41C14631-53AC-4B67-A54D-C4294328CE81}.Debug|Any CPU.ActiveCfg = Debug|Any CPU
		{41C14631-53AC-4B67-A54D-C4294328CE81}.Debug|Any CPU.Build.0 = Debug|Any CPU
		{41C14631-53AC-4B67-A54D-C4294328CE81}.Release|Any CPU.ActiveCfg = Release|Any CPU
		{41C14631-53AC-4B67-A54D-C4294328CE81}.Release|Any CPU.Build.0 = Release|Any CPU
		{BA5B3A0B-80F7-4E9F-A7E1-5F589C2F6B22}.Debug|Any CPU.ActiveCfg = Debug|Any CPU
		{BA5B3A0B-80F7-4E9F-A7E1-5F589C2F6B22}.Debug|Any CPU.Build.0 = Debug|Any CPU
		{BA5B3A0B-80F7-4E9F-A7E1-5F589C2F6B22}.Release|Any CPU.ActiveCfg = Release|Any CPU
		{BA5B3A0B-80F7-4E9F-A7E1-5F589C2F6B22}.Release|Any CPU.Build.0 = Release|Any CPU
		{B20E0AD4-5691-4238-96C5-C1B2DF20BC6D}.Debug|Any CPU.ActiveCfg = Debug|Any CPU
		{B20E0AD4-5691-4238-96C5-C1B2DF20BC6D}.Debug|Any CPU.Build.0 = Debug|Any CPU
		{B20E0AD4-5691-4238-96C5-C1B2DF20BC6D}.Release|Any CPU.ActiveCfg = Release|Any CPU
		{B20E0AD4-5691-4238-96C5-C1B2DF20BC6D}.Release|Any CPU.Build.0 = Release|Any CPU
		{3453F1B3-4F33-4A6D-8271-DEECD285BA79}.Debug|Any CPU.ActiveCfg = Debug|Any CPU
		{3453F1B3-4F33-4A6D-8271-DEECD285BA79}.Debug|Any CPU.Build.0 = Debug|Any CPU
		{3453F1B3-4F33-4A6D-8271-DEECD285BA79}.Release|Any CPU.ActiveCfg = Release|Any CPU
		{3453F1B3-4F33-4A6D-8271-DEECD285BA79}.Release|Any CPU.Build.0 = Release|Any CPU
		{AAC8E54C-1FD1-4FD1-B9B7-20CF074AA3E7}.Debug|Any CPU.ActiveCfg = Debug|Any CPU
		{AAC8E54C-1FD1-4FD1-B9B7-20CF074AA3E7}.Debug|Any CPU.Build.0 = Debug|Any CPU
		{AAC8E54C-1FD1-4FD1-B9B7-20CF074AA3E7}.Release|Any CPU.ActiveCfg = Release|Any CPU
		{AAC8E54C-1FD1-4FD1-B9B7-20CF074AA3E7}.Release|Any CPU.Build.0 = Release|Any CPU
		{778F3F57-D6F7-445A-AC28-0ADF359FB794}.Debug|Any CPU.ActiveCfg = Debug|Any CPU
		{778F3F57-D6F7-445A-AC28-0ADF359FB794}.Debug|Any CPU.Build.0 = Debug|Any CPU
		{778F3F57-D6F7-445A-AC28-0ADF359FB794}.Release|Any CPU.ActiveCfg = Release|Any CPU
		{778F3F57-D6F7-445A-AC28-0ADF359FB794}.Release|Any CPU.Build.0 = Release|Any CPU
		{EF1D54D8-BB6B-4D58-88F0-2F657CB99203}.Debug|Any CPU.ActiveCfg = Debug|Any CPU
		{EF1D54D8-BB6B-4D58-88F0-2F657CB99203}.Debug|Any CPU.Build.0 = Debug|Any CPU
		{EF1D54D8-BB6B-4D58-88F0-2F657CB99203}.Release|Any CPU.ActiveCfg = Release|Any CPU
		{EF1D54D8-BB6B-4D58-88F0-2F657CB99203}.Release|Any CPU.Build.0 = Release|Any CPU
		{BEEAC8DB-1DB5-4D31-B5E1-00F0F1736912}.Debug|Any CPU.ActiveCfg = Debug|Any CPU
		{BEEAC8DB-1DB5-4D31-B5E1-00F0F1736912}.Debug|Any CPU.Build.0 = Debug|Any CPU
		{BEEAC8DB-1DB5-4D31-B5E1-00F0F1736912}.Release|Any CPU.ActiveCfg = Release|Any CPU
		{BEEAC8DB-1DB5-4D31-B5E1-00F0F1736912}.Release|Any CPU.Build.0 = Release|Any CPU
		{198B9F00-964D-4580-BCD6-92B1344769A1}.Debug|Any CPU.ActiveCfg = Debug|Any CPU
		{198B9F00-964D-4580-BCD6-92B1344769A1}.Debug|Any CPU.Build.0 = Debug|Any CPU
		{198B9F00-964D-4580-BCD6-92B1344769A1}.Release|Any CPU.ActiveCfg = Release|Any CPU
		{198B9F00-964D-4580-BCD6-92B1344769A1}.Release|Any CPU.Build.0 = Release|Any CPU
		{DDBC7CD2-AB10-4697-A641-EC677AC164CA}.Debug|Any CPU.ActiveCfg = Debug|Any CPU
		{DDBC7CD2-AB10-4697-A641-EC677AC164CA}.Debug|Any CPU.Build.0 = Debug|Any CPU
		{DDBC7CD2-AB10-4697-A641-EC677AC164CA}.Release|Any CPU.ActiveCfg = Release|Any CPU
		{DDBC7CD2-AB10-4697-A641-EC677AC164CA}.Release|Any CPU.Build.0 = Release|Any CPU
		{A5FE1D0D-4F80-4D40-9762-8B2CE42582C1}.Debug|Any CPU.ActiveCfg = Debug|Any CPU
		{A5FE1D0D-4F80-4D40-9762-8B2CE42582C1}.Debug|Any CPU.Build.0 = Debug|Any CPU
		{A5FE1D0D-4F80-4D40-9762-8B2CE42582C1}.Release|Any CPU.ActiveCfg = Release|Any CPU
		{A5FE1D0D-4F80-4D40-9762-8B2CE42582C1}.Release|Any CPU.Build.0 = Release|Any CPU
	EndGlobalSection
	GlobalSection(SolutionProperties) = preSolution
		HideSolutionNode = FALSE
	EndGlobalSection
	GlobalSection(ExtensibilityGlobals) = postSolution
		SolutionGuid = {C498C2B7-B410-4396-8616-40FC63AB93FF}
	EndGlobalSection
EndGlobal
